
Microsoft Visual Studio Solution File, Format Version 12.00
# Visual Studio Version 17
VisualStudioVersion = 17.1.32414.318
MinimumVisualStudioVersion = 10.0.40219.1
Project("{FAE04EC0-301F-11D3-BF4B-00C04F79EFBC}") = "BlazorApp1", "BlazorApp1\BlazorApp1.csproj", "{78871B9F-77B0-4349-B47C-439F7B23D6BD}"
EndProject
Global
	GlobalSection(SolutionConfigurationPlatforms) = preSolution
		Debug|Any CPU = Debug|Any CPU
		Release|Any CPU = Release|Any CPU
	EndGlobalSection
	GlobalSection(ProjectConfigurationPlatforms) = postSolution
		{78871B9F-77B0-4349-B47C-439F7B23D6BD}.Debug|Any CPU.ActiveCfg = Debug|Any CPU
		{78871B9F-77B0-4349-B47C-439F7B23D6BD}.Debug|Any CPU.Build.0 = Debug|Any CPU
		{78871B9F-77B0-4349-B47C-439F7B23D6BD}.Release|Any CPU.ActiveCfg = Release|Any CPU
		{78871B9F-77B0-4349-B47C-439F7B23D6BD}.Release|Any CPU.Build.0 = Release|Any CPU
	EndGlobalSection
	GlobalSection(SolutionProperties) = preSolution
		HideSolutionNode = FALSE
	EndGlobalSection
	GlobalSection(ExtensibilityGlobals) = postSolution
		SolutionGuid = {26D01031-AA43-419B-9878-FC040E17822F}
	EndGlobalSection
EndGlobal
